{
    "_meta": {
        "hash": {
            "sha256": "f268420619875efabcb60ffb94bfb8ffcdb8b03309025c8447d2c866205bea07"
        },
        "host-environment-markers": {
            "implementation_name": "cpython",
            "implementation_version": "3.7.0",
            "os_name": "posix",
            "platform_machine": "x86_64",
            "platform_python_implementation": "CPython",
            "platform_release": "4.9.0-8-amd64",
            "platform_system": "Linux",
            "platform_version": "#1 SMP Debian 4.9.130-2 (2018-10-27)",
            "python_full_version": "3.7.0",
            "python_version": "3.7",
            "sys_platform": "linux"
        },
        "pipfile-spec": 6,
        "requires": {
            "python_version": "3.7"
        },
        "sources": [
            {
                "name": "pypi",
                "url": "https://pypi.org/simple",
                "verify_ssl": true
            }
        ]
    },
    "default": {
        "certifi": {
            "hashes": [],
            "version": "==2018.10.15"
        },
        "chardet": {
            "hashes": [],
            "version": "==3.0.4"
        },
        "click": {
            "hashes": [],
            "version": "==7.0"
        },
        "idna": {
            "hashes": [],
            "version": "==2.7"
        },
        "requests": {
            "hashes": [],
            "version": "==2.20.1"
        },
        "urllib3": {
            "hashes": [],
            "version": "==1.24.1"
        }
    },
    "develop": {
        "astroid": {
            "hashes": [],
            "version": "==2.0.4"
        },
        "isort": {
            "hashes": [],
            "version": "==4.3.4"
        },
        "lazy-object-proxy": {
            "hashes": [],
            "version": "==1.3.1"
        },
        "mccabe": {
            "hashes": [],
            "version": "==0.6.1"
        },
        "pycodestyle": {
            "hashes": [],
            "version": "==2.4.0"
        },
        "pydocstyle": {
            "hashes": [],
            "version": "==3.0.0"
        },
        "pylint": {
            "hashes": [],
            "version": "==2.1.1"
        },
        "six": {
            "hashes": [],
            "version": "==1.11.0"
        },
        "snowballstemmer": {
            "hashes": [],
            "version": "==1.2.1"
        },
        "typed-ast": {
            "hashes": [],
            "markers": "python_version < '3.7' and implementation_name == 'cpython'",
            "version": "==1.1.0"
        },
        "wrapt": {
            "hashes": [],
            "version": "==1.10.11"
        }
    }
}
